// !$*UTF8*$!
{
	archiveVersion = 1;
	classes = {
	};
	objectVersion = 51;
	objects = {

/* Begin PBXBuildFile section */
		541726B825EB6DA700DDD175 /* AppDelegate.swift in Sources */ = {isa = PBXBuildFile; fileRef = 541726B725EB6DA700DDD175 /* AppDelegate.swift */; };
		541726BA25EB6DA700DDD175 /* SceneDelegate.swift in Sources */ = {isa = PBXBuildFile; fileRef = 541726B925EB6DA700DDD175 /* SceneDelegate.swift */; };
		541726BC25EB6DA700DDD175 /* ViewController.swift in Sources */ = {isa = PBXBuildFile; fileRef = 541726BB25EB6DA700DDD175 /* ViewController.swift */; };
		541726BF25EB6DA700DDD175 /* Main.storyboard in Resources */ = {isa = PBXBuildFile; fileRef = 541726BD25EB6DA700DDD175 /* Main.storyboard */; };
		541726C125EB6DAC00DDD175 /* Assets.xcassets in Resources */ = {isa = PBXBuildFile; fileRef = 541726C025EB6DAC00DDD175 /* Assets.xcassets */; };
		541726C425EB6DAC00DDD175 /* LaunchScreen.storyboard in Resources */ = {isa = PBXBuildFile; fileRef = 541726C225EB6DAC00DDD175 /* LaunchScreen.storyboard */; };
		5444F01025F4BB79009512E6 /* restaurentTableViewCell.swift in Sources */ = {isa = PBXBuildFile; fileRef = 5444F00F25F4BB79009512E6 /* restaurentTableViewCell.swift */; };
		5444F01325F4C0B7009512E6 /* foodViewController.swift in Sources */ = {isa = PBXBuildFile; fileRef = 5444F01225F4C0B7009512E6 /* foodViewController.swift */; };
		5444F01625F4D2F8009512E6 /* foodDetailViewController.swift in Sources */ = {isa = PBXBuildFile; fileRef = 5444F01525F4D2F8009512E6 /* foodDetailViewController.swift */; };
		5444F01B25F4FB32009512E6 /* registerViewController.swift in Sources */ = {isa = PBXBuildFile; fileRef = 5444F01A25F4FB32009512E6 /* registerViewController.swift */; };
		5444F01E25F4FB42009512E6 /* loginViewController.swift in Sources */ = {isa = PBXBuildFile; fileRef = 5444F01D25F4FB42009512E6 /* loginViewController.swift */; };
		5444F02125F4FB53009512E6 /* welcomeViewController.swift in Sources */ = {isa = PBXBuildFile; fileRef = 5444F02025F4FB53009512E6 /* welcomeViewController.swift */; };
		5444F02625F531B4009512E6 /* GoogleService-Info.plist in Resources */ = {isa = PBXBuildFile; fileRef = 5444F02525F531B4009512E6 /* GoogleService-Info.plist */; };
		5444F03925F54C8C009512E6 /* Utilities.swift in Sources */ = {isa = PBXBuildFile; fileRef = 5444F03825F54C8C009512E6 /* Utilities.swift */; };
		9F3A00E943C5769B3CFE88DF /* Pods_CafeNIBM_1.framework in Frameworks */ = {isa = PBXBuildFile; fileRef = A696667EB285F24F0171C5EB /* Pods_CafeNIBM_1.framework */; };
/* End PBXBuildFile section */

/* Begin PBXFileReference section */
		124A4C37FC45E70AF66A1680 /* Pods-CafeNIBM_1.release.xcconfig */ = {isa = PBXFileReference; includeInIndex = 1; lastKnownFileType = text.xcconfig; name = "Pods-CafeNIBM_1.release.xcconfig"; path = "Target Support Files/Pods-CafeNIBM_1/Pods-CafeNIBM_1.release.xcconfig"; sourceTree = "<group>"; };
		5383654C00C980734FA568EE /* Pods-CafeNIBM_1.debug.xcconfig */ = {isa = PBXFileReference; includeInIndex = 1; lastKnownFileType = text.xcconfig; name = "Pods-CafeNIBM_1.debug.xcconfig"; path = "Target Support Files/Pods-CafeNIBM_1/Pods-CafeNIBM_1.debug.xcconfig"; sourceTree = "<group>"; };
		541726B425EB6DA700DDD175 /* CafeNIBM_1.app */ = {isa = PBXFileReference; explicitFileType = wrapper.application; includeInIndex = 0; path = CafeNIBM_1.app; sourceTree = BUILT_PRODUCTS_DIR; };
		541726B725EB6DA700DDD175 /* AppDelegate.swift */ = {isa = PBXFileReference; lastKnownFileType = sourcecode.swift; path = AppDelegate.swift; sourceTree = "<group>"; };
		541726B925EB6DA700DDD175 /* SceneDelegate.swift */ = {isa = PBXFileReference; lastKnownFileType = sourcecode.swift; path = SceneDelegate.swift; sourceTree = "<group>"; };
		541726BB25EB6DA700DDD175 /* ViewController.swift */ = {isa = PBXFileReference; lastKnownFileType = sourcecode.swift; path = ViewController.swift; sourceTree = "<group>"; };
		541726BE25EB6DA700DDD175 /* Base */ = {isa = PBXFileReference; lastKnownFileType = file.storyboard; name = Base; path = Base.lproj/Main.storyboard; sourceTree = "<group>"; };
		541726C025EB6DAC00DDD175 /* Assets.xcassets */ = {isa = PBXFileReference; lastKnownFileType = folder.assetcatalog; path = Assets.xcassets; sourceTree = "<group>"; };
		541726C325EB6DAC00DDD175 /* Base */ = {isa = PBXFileReference; lastKnownFileType = file.storyboard; name = Base; path = Base.lproj/LaunchScreen.storyboard; sourceTree = "<group>"; };
		541726C525EB6DAC00DDD175 /* Info.plist */ = {isa = PBXFileReference; lastKnownFileType = text.plist.xml; path = Info.plist; sourceTree = "<group>"; };
		5444F00F25F4BB79009512E6 /* restaurentTableViewCell.swift */ = {isa = PBXFileReference; lastKnownFileType = sourcecode.swift; path = restaurentTableViewCell.swift; sourceTree = "<group>"; };
		5444F01225F4C0B7009512E6 /* foodViewController.swift */ = {isa = PBXFileReference; lastKnownFileType = sourcecode.swift; path = foodViewController.swift; sourceTree = "<group>"; };
		5444F01525F4D2F8009512E6 /* foodDetailViewController.swift */ = {isa = PBXFileReference; lastKnownFileType = sourcecode.swift; path = foodDetailViewController.swift; sourceTree = "<group>"; };
		5444F01A25F4FB32009512E6 /* registerViewController.swift */ = {isa = PBXFileReference; lastKnownFileType = sourcecode.swift; path = registerViewController.swift; sourceTree = "<group>"; };
		5444F01D25F4FB42009512E6 /* loginViewController.swift */ = {isa = PBXFileReference; lastKnownFileType = sourcecode.swift; path = loginViewController.swift; sourceTree = "<group>"; };
		5444F02025F4FB53009512E6 /* welcomeViewController.swift */ = {isa = PBXFileReference; lastKnownFileType = sourcecode.swift; path = welcomeViewController.swift; sourceTree = "<group>"; };
		5444F02525F531B4009512E6 /* GoogleService-Info.plist */ = {isa = PBXFileReference; fileEncoding = 4; lastKnownFileType = text.plist.xml; path = "GoogleService-Info.plist"; sourceTree = "<group>"; };
		5444F03825F54C8C009512E6 /* Utilities.swift */ = {isa = PBXFileReference; fileEncoding = 4; lastKnownFileType = sourcecode.swift; path = Utilities.swift; sourceTree = "<group>"; };
		A696667EB285F24F0171C5EB /* Pods_CafeNIBM_1.framework */ = {isa = PBXFileReference; explicitFileType = wrapper.framework; includeInIndex = 0; path = Pods_CafeNIBM_1.framework; sourceTree = BUILT_PRODUCTS_DIR; };
/* End PBXFileReference section */

/* Begin PBXFrameworksBuildPhase section */
		541726B125EB6DA700DDD175 /* Frameworks */ = {
			isa = PBXFrameworksBuildPhase;
			buildActionMask = 2147483647;
			files = (
				9F3A00E943C5769B3CFE88DF /* Pods_CafeNIBM_1.framework in Frameworks */,
			);
			runOnlyForDeploymentPostprocessing = 0;
		};
/* End PBXFrameworksBuildPhase section */

/* Begin PBXGroup section */
		541726AB25EB6DA700DDD175 = {
			isa = PBXGroup;
			children = (
				541726B625EB6DA700DDD175 /* CafeNIBM_1 */,
				541726B525EB6DA700DDD175 /* Products */,
				E516EFF44EEFBF4C83746515 /* Pods */,
				EE25B580C2B8A9E24778E01F /* Frameworks */,
			);
			sourceTree = "<group>";
		};
		541726B525EB6DA700DDD175 /* Products */ = {
			isa = PBXGroup;
			children = (
				541726B425EB6DA700DDD175 /* CafeNIBM_1.app */,
			);
			name = Products;
			sourceTree = "<group>";
		};
		541726B625EB6DA700DDD175 /* CafeNIBM_1 */ = {
			isa = PBXGroup;
			children = (
				5444F02325F4FB6A009512E6 /* Register and Login */,
				5444F01825F4F833009512E6 /* Food */,
				541726B725EB6DA700DDD175 /* AppDelegate.swift */,
				541726B925EB6DA700DDD175 /* SceneDelegate.swift */,
				541726BB25EB6DA700DDD175 /* ViewController.swift */,
				5444F03825F54C8C009512E6 /* Utilities.swift */,
				541726BD25EB6DA700DDD175 /* Main.storyboard */,
				541726C025EB6DAC00DDD175 /* Assets.xcassets */,
				541726C225EB6DAC00DDD175 /* LaunchScreen.storyboard */,
				541726C525EB6DAC00DDD175 /* Info.plist */,
				5444F02525F531B4009512E6 /* GoogleService-Info.plist */,
			);
			path = CafeNIBM_1;
			sourceTree = "<group>";
		};
		5444F01825F4F833009512E6 /* Food */ = {
			isa = PBXGroup;
			children = (
				5444F01525F4D2F8009512E6 /* foodDetailViewController.swift */,
				5444F01225F4C0B7009512E6 /* foodViewController.swift */,
				5444F00F25F4BB79009512E6 /* restaurentTableViewCell.swift */,
			);
			path = Food;
			sourceTree = "<group>";
		};
		5444F02325F4FB6A009512E6 /* Register and Login */ = {
			isa = PBXGroup;
			children = (
				5444F01A25F4FB32009512E6 /* registerViewController.swift */,
				5444F01D25F4FB42009512E6 /* loginViewController.swift */,
				5444F02025F4FB53009512E6 /* welcomeViewController.swift */,
			);
			path = "Register and Login";
			sourceTree = "<group>";
		};
		E516EFF44EEFBF4C83746515 /* Pods */ = {
			isa = PBXGroup;
			children = (
				5383654C00C980734FA568EE /* Pods-CafeNIBM_1.debug.xcconfig */,
				124A4C37FC45E70AF66A1680 /* Pods-CafeNIBM_1.release.xcconfig */,
			);
			path = Pods;
			sourceTree = "<group>";
		};
		EE25B580C2B8A9E24778E01F /* Frameworks */ = {
			isa = PBXGroup;
			children = (
				A696667EB285F24F0171C5EB /* Pods_CafeNIBM_1.framework */,
			);
			name = Frameworks;
			sourceTree = "<group>";
		};
/* End PBXGroup section */

/* Begin PBXNativeTarget section */
		541726B325EB6DA700DDD175 /* CafeNIBM_1 */ = {
			isa = PBXNativeTarget;
			buildConfigurationList = 541726C825EB6DAC00DDD175 /* Build configuration list for PBXNativeTarget "CafeNIBM_1" */;
			buildPhases = (
				F965BA1C94E8F7F7D77B3EE6 /* [CP] Check Pods Manifest.lock */,
				541726B025EB6DA700DDD175 /* Sources */,
				541726B125EB6DA700DDD175 /* Frameworks */,
				541726B225EB6DA700DDD175 /* Resources */,
				1C50BAFA88770CBE83D89B0F /* [CP] Embed Pods Frameworks */,
			);
			buildRules = (
			);
			dependencies = (
			);
			name = CafeNIBM_1;
			productName = CafeNIBM_1;
			productReference = 541726B425EB6DA700DDD175 /* CafeNIBM_1.app */;
			productType = "com.apple.product-type.application";
		};
/* End PBXNativeTarget section */

/* Begin PBXProject section */
		541726AC25EB6DA700DDD175 /* Project object */ = {
			isa = PBXProject;
			attributes = {
				LastSwiftUpdateCheck = 1240;
				LastUpgradeCheck = 1240;
				TargetAttributes = {
					541726B325EB6DA700DDD175 = {
						CreatedOnToolsVersion = 12.4;
					};
				};
			};
			buildConfigurationList = 541726AF25EB6DA700DDD175 /* Build configuration list for PBXProject "CafeNIBM_1" */;
			compatibilityVersion = "Xcode 9.3";
			developmentRegion = en;
			hasScannedForEncodings = 0;
			knownRegions = (
				en,
				Base,
			);
			mainGroup = 541726AB25EB6DA700DDD175;
			productRefGroup = 541726B525EB6DA700DDD175 /* Products */;
			projectDirPath = "";
			projectRoot = "";
			targets = (
				541726B325EB6DA700DDD175 /* CafeNIBM_1 */,
			);
		};
/* End PBXProject section */

/* Begin PBXResourcesBuildPhase section */
		541726B225EB6DA700DDD175 /* Resources */ = {
			isa = PBXResourcesBuildPhase;
			buildActionMask = 2147483647;
			files = (
				541726C425EB6DAC00DDD175 /* LaunchScreen.storyboard in Resources */,
				5444F02625F531B4009512E6 /* GoogleService-Info.plist in Resources */,
				541726C125EB6DAC00DDD175 /* Assets.xcassets in Resources */,
				541726BF25EB6DA700DDD175 /* Main.storyboard in Resources */,
			);
			runOnlyForDeploymentPostprocessing = 0;
		};
/* End PBXResourcesBuildPhase section */

/* Begin PBXShellScriptBuildPhase section */
		1C50BAFA88770CBE83D89B0F /* [CP] Embed Pods Frameworks */ = {
			isa = PBXShellScriptBuildPhase;
			buildActionMask = 2147483647;
			files = (
			);
			inputFileListPaths = (
				"${PODS_ROOT}/Target Support Files/Pods-CafeNIBM_1/Pods-CafeNIBM_1-frameworks-${CONFIGURATION}-input-files.xcfilelist",
			);
			name = "[CP] Embed Pods Frameworks";
			outputFileListPaths = (
				"${PODS_ROOT}/Target Support Files/Pods-CafeNIBM_1/Pods-CafeNIBM_1-frameworks-${CONFIGURATION}-output-files.xcfilelist",
			);
			runOnlyForDeploymentPostprocessing = 0;
			shellPath = /bin/sh;
			shellScript = "\"${PODS_ROOT}/Target Support Files/Pods-CafeNIBM_1/Pods-CafeNIBM_1-frameworks.sh\"\n";
			showEnvVarsInLog = 0;
		};
		F965BA1C94E8F7F7D77B3EE6 /* [CP] Check Pods Manifest.lock */ = {
			isa = PBXShellScriptBuildPhase;
			buildActionMask = 2147483647;
			files = (
			);
			inputFileListPaths = (
			);
			inputPaths = (
				"${PODS_PODFILE_DIR_PATH}/Podfile.lock",
				"${PODS_ROOT}/Manifest.lock",
			);
			name = "[CP] Check Pods Manifest.lock";
			outputFileListPaths = (
			);
			outputPaths = (
				"$(DERIVED_FILE_DIR)/Pods-CafeNIBM_1-checkManifestLockResult.txt",
			);
			runOnlyForDeploymentPostprocessing = 0;
			shellPath = /bin/sh;
			shellScript = "diff \"${PODS_PODFILE_DIR_PATH}/Podfile.lock\" \"${PODS_ROOT}/Manifest.lock\" > /dev/null\nif [ $? != 0 ] ; then\n    # print error to STDERR\n    echo \"error: The sandbox is not in sync with the Podfile.lock. Run 'pod install' or update your CocoaPods installation.\" >&2\n    exit 1\nfi\n# This output is used by Xcode 'outputs' to avoid re-running this script phase.\necho \"SUCCESS\" > \"${SCRIPT_OUTPUT_FILE_0}\"\n";
			showEnvVarsInLog = 0;
		};
/* End PBXShellScriptBuildPhase section */

/* Begin PBXSourcesBuildPhase section */
		541726B025EB6DA700DDD175 /* Sources */ = {
			isa = PBXSourcesBuildPhase;
			buildActionMask = 2147483647;
			files = (
				5444F01025F4BB79009512E6 /* restaurentTableViewCell.swift in Sources */,
				541726BC25EB6DA700DDD175 /* ViewController.swift in Sources */,
				541726B825EB6DA700DDD175 /* AppDelegate.swift in Sources */,
				5444F02125F4FB53009512E6 /* welcomeViewController.swift in Sources */,
				541726BA25EB6DA700DDD175 /* SceneDelegate.swift in Sources */,
				5444F01E25F4FB42009512E6 /* loginViewController.swift in Sources */,
				5444F01325F4C0B7009512E6 /* foodViewController.swift in Sources */,
				5444F01625F4D2F8009512E6 /* foodDetailViewController.swift in Sources */,
				5444F03925F54C8C009512E6 /* Utilities.swift in Sources */,
				5444F01B25F4FB32009512E6 /* registerViewController.swift in Sources */,
			);
			runOnlyForDeploymentPostprocessing = 0;
		};
/* End PBXSourcesBuildPhase section */

/* Begin PBXVariantGroup section */
		541726BD25EB6DA700DDD175 /* Main.storyboard */ = {
			isa = PBXVariantGroup;
			children = (
				541726BE25EB6DA700DDD175 /* Base */,
			);
			name = Main.storyboard;
			sourceTree = "<group>";
		};
		541726C225EB6DAC00DDD175 /* LaunchScreen.storyboard */ = {
			isa = PBXVariantGroup;
			children = (
				541726C325EB6DAC00DDD175 /* Base */,
			);
			name = LaunchScreen.storyboard;
			sourceTree = "<group>";
		};
/* End PBXVariantGroup section */

/* Begin XCBuildConfiguration section */
		541726C625EB6DAC00DDD175 /* Debug */ = {
			isa = XCBuildConfiguration;
			buildSettings = {
				ALWAYS_SEARCH_USER_PATHS = NO;
				CLANG_ANALYZER_NONNULL = YES;
				CLANG_ANALYZER_NUMBER_OBJECT_CONVERSION = YES_AGGRESSIVE;
				CLANG_CXX_LANGUAGE_STANDARD = "gnu++14";
				CLANG_CXX_LIBRARY = "libc++";
				CLANG_ENABLE_MODULES = YES;
				CLANG_ENABLE_OBJC_ARC = YES;
				CLANG_ENABLE_OBJC_WEAK = YES;
				CLANG_WARN_BLOCK_CAPTURE_AUTORELEASING = YES;
				CLANG_WARN_BOOL_CONVERSION = YES;
				CLANG_WARN_COMMA = YES;
				CLANG_WARN_CONSTANT_CONVERSION = YES;
				CLANG_WARN_DEPRECATED_OBJC_IMPLEMENTATIONS = YES;
				CLANG_WARN_DIRECT_OBJC_ISA_USAGE = YES_ERROR;
				CLANG_WARN_DOCUMENTATION_COMMENTS = YES;
				CLANG_WARN_EMPTY_BODY = YES;
				CLANG_WARN_ENUM_CONVERSION = YES;
				CLANG_WARN_INFINITE_RECURSION = YES;
				CLANG_WARN_INT_CONVERSION = YES;
				CLANG_WARN_NON_LITERAL_NULL_CONVERSION = YES;
				CLANG_WARN_OBJC_IMPLICIT_RETAIN_SELF = YES;
				CLANG_WARN_OBJC_LITERAL_CONVERSION = YES;
				CLANG_WARN_OBJC_ROOT_CLASS = YES_ERROR;
				CLANG_WARN_QUOTED_INCLUDE_IN_FRAMEWORK_HEADER = YES;
				CLANG_WARN_RANGE_LOOP_ANALYSIS = YES;
				CLANG_WARN_STRICT_PROTOTYPES = YES;
				CLANG_WARN_SUSPICIOUS_MOVE = YES;
				CLANG_WARN_UNGUARDED_AVAILABILITY = YES_AGGRESSIVE;
				CLANG_WARN_UNREACHABLE_CODE = YES;
				CLANG_WARN__DUPLICATE_METHOD_MATCH = YES;
				COPY_PHASE_STRIP = NO;
				DEBUG_INFORMATION_FORMAT = dwarf;
				ENABLE_STRICT_OBJC_MSGSEND = YES;
				ENABLE_TESTABILITY = YES;
				GCC_C_LANGUAGE_STANDARD = gnu11;
				GCC_DYNAMIC_NO_PIC = NO;
				GCC_NO_COMMON_BLOCKS = YES;
				GCC_OPTIMIZATION_LEVEL = 0;
				GCC_PREPROCESSOR_DEFINITIONS = (
					"DEBUG=1",
					"$(inherited)",
				);
				GCC_WARN_64_TO_32_BIT_CONVERSION = YES;
				GCC_WARN_ABOUT_RETURN_TYPE = YES_ERROR;
				GCC_WARN_UNDECLARED_SELECTOR = YES;
				GCC_WARN_UNINITIALIZED_AUTOS = YES_AGGRESSIVE;
				GCC_WARN_UNUSED_FUNCTION = YES;
				GCC_WARN_UNUSED_VARIABLE = YES;
				IPHONEOS_DEPLOYMENT_TARGET = 14.4;
				MTL_ENABLE_DEBUG_INFO = INCLUDE_SOURCE;
				MTL_FAST_MATH = YES;
				ONLY_ACTIVE_ARCH = YES;
				SDKROOT = iphoneos;
				SWIFT_ACTIVE_COMPILATION_CONDITIONS = DEBUG;
				SWIFT_OPTIMIZATION_LEVEL = "-Onone";
			};
			name = Debug;
		};
		541726C725EB6DAC00DDD175 /* Release */ = {
			isa = XCBuildConfiguration;
			buildSettings = {
				ALWAYS_SEARCH_USER_PATHS = NO;
				CLANG_ANALYZER_NONNULL = YES;
				CLANG_ANALYZER_NUMBER_OBJECT_CONVERSION = YES_AGGRESSIVE;
				CLANG_CXX_LANGUAGE_STANDARD = "gnu++14";
				CLANG_CXX_LIBRARY = "libc++";
				CLANG_ENABLE_MODULES = YES;
				CLANG_ENABLE_OBJC_ARC = YES;
				CLANG_ENABLE_OBJC_WEAK = YES;
				CLANG_WARN_BLOCK_CAPTURE_AUTORELEASING = YES;
				CLANG_WARN_BOOL_CONVERSION = YES;
				CLANG_WARN_COMMA = YES;
				CLANG_WARN_CONSTANT_CONVERSION = YES;
				CLANG_WARN_DEPRECATED_OBJC_IMPLEMENTATIONS = YES;
				CLANG_WARN_DIRECT_OBJC_ISA_USAGE = YES_ERROR;
				CLANG_WARN_DOCUMENTATION_COMMENTS = YES;
				CLANG_WARN_EMPTY_BODY = YES;
				CLANG_WARN_ENUM_CONVERSION = YES;
				CLANG_WARN_INFINITE_RECURSION = YES;
				CLANG_WARN_INT_CONVERSION = YES;
				CLANG_WARN_NON_LITERAL_NULL_CONVERSION = YES;
				CLANG_WARN_OBJC_IMPLICIT_RETAIN_SELF = YES;
				CLANG_WARN_OBJC_LITERAL_CONVERSION = YES;
				CLANG_WARN_OBJC_ROOT_CLASS = YES_ERROR;
				CLANG_WARN_QUOTED_INCLUDE_IN_FRAMEWORK_HEADER = YES;
				CLANG_WARN_RANGE_LOOP_ANALYSIS = YES;
				CLANG_WARN_STRICT_PROTOTYPES = YES;
				CLANG_WARN_SUSPICIOUS_MOVE = YES;
				CLANG_WARN_UNGUARDED_AVAILABILITY = YES_AGGRESSIVE;
				CLANG_WARN_UNREACHABLE_CODE = YES;
				CLANG_WARN__DUPLICATE_METHOD_MATCH = YES;
				COPY_PHASE_STRIP = NO;
				DEBUG_INFORMATION_FORMAT = "dwarf-with-dsym";
				ENABLE_NS_ASSERTIONS = NO;
				ENABLE_STRICT_OBJC_MSGSEND = YES;
				GCC_C_LANGUAGE_STANDARD = gnu11;
				GCC_NO_COMMON_BLOCKS = YES;
				GCC_WARN_64_TO_32_BIT_CONVERSION = YES;
				GCC_WARN_ABOUT_RETURN_TYPE = YES_ERROR;
				GCC_WARN_UNDECLARED_SELECTOR = YES;
				GCC_WARN_UNINITIALIZED_AUTOS = YES_AGGRESSIVE;
				GCC_WARN_UNUSED_FUNCTION = YES;
				GCC_WARN_UNUSED_VARIABLE = YES;
				IPHONEOS_DEPLOYMENT_TARGET = 14.4;
				MTL_ENABLE_DEBUG_INFO = NO;
				MTL_FAST_MATH = YES;
				SDKROOT = iphoneos;
				SWIFT_COMPILATION_MODE = wholemodule;
				SWIFT_OPTIMIZATION_LEVEL = "-O";
				VALIDATE_PRODUCT = YES;
			};
			name = Release;
		};
		541726C925EB6DAC00DDD175 /* Debug */ = {
			isa = XCBuildConfiguration;
			baseConfigurationReference = 5383654C00C980734FA568EE /* Pods-CafeNIBM_1.debug.xcconfig */;
			buildSettings = {
				ASSETCATALOG_COMPILER_APPICON_NAME = AppIcon;
				ASSETCATALOG_COMPILER_GLOBAL_ACCENT_COLOR_NAME = AccentColor;
				CODE_SIGN_STYLE = Automatic;
				DEVELOPMENT_TEAM = 9GJ5PLZNLS;
				INFOPLIST_FILE = CafeNIBM_1/Info.plist;
				LD_RUNPATH_SEARCH_PATHS = (
					"$(inherited)",
					"@executable_path/Frameworks",
				);
				PRODUCT_BUNDLE_IDENTIFIER = "com.Hesh.CafeNIBM-1";
				PRODUCT_NAME = "$(TARGET_NAME)";
				SWIFT_VERSION = 5.0;
				TARGETED_DEVICE_FAMILY = "1,2";
			};
			name = Debug;
		};
		541726CA25EB6DAC00DDD175 /* Release */ = {
			isa = XCBuildConfiguration;
			baseConfigurationReference = 124A4C37FC45E70AF66A1680 /* Pods-CafeNIBM_1.release.xcconfig */;
			buildSettings = {
				ASSETCATALOG_COMPILER_APPICON_NAME = AppIcon;
				ASSETCATALOG_COMPILER_GLOBAL_ACCENT_COLOR_NAME = AccentColor;
				CODE_SIGN_STYLE = Automatic;
				DEVELOPMENT_TEAM = 9GJ5PLZNLS;
				INFOPLIST_FILE = CafeNIBM_1/Info.plist;
				LD_RUNPATH_SEARCH_PATHS = (
					"$(inherited)",
					"@executable_path/Frameworks",
				);
				PRODUCT_BUNDLE_IDENTIFIER = "com.Hesh.CafeNIBM-1";
				PRODUCT_NAME = "$(TARGET_NAME)";
				SWIFT_VERSION = 5.0;
				TARGETED_DEVICE_FAMILY = "1,2";
			};
			name = Release;
		};
/* End XCBuildConfiguration section */

/* Begin XCConfigurationList section */
		541726AF25EB6DA700DDD175 /* Build configuration list for PBXProject "CafeNIBM_1" */ = {
			isa = XCConfigurationList;
			buildConfigurations = (
				541726C625EB6DAC00DDD175 /* Debug */,
				541726C725EB6DAC00DDD175 /* Release */,
			);
			defaultConfigurationIsVisible = 0;
			defaultConfigurationName = Release;
		};
		541726C825EB6DAC00DDD175 /* Build configuration list for PBXNativeTarget "CafeNIBM_1" */ = {
			isa = XCConfigurationList;
			buildConfigurations = (
				541726C925EB6DAC00DDD175 /* Debug */,
				541726CA25EB6DAC00DDD175 /* Release */,
			);
			defaultConfigurationIsVisible = 0;
			defaultConfigurationName = Release;
		};
/* End XCConfigurationList section */
	};
	rootObject = 541726AC25EB6DA700DDD175 /* Project object */;
}
